{
    "version": "1.0",
    "install_time": "2026-02-16 11:00:08",
    "db_config": {
        "host": "localhost",
        "port": "3306",
        "database": "127_0_0_1",
        "prefix": "fgh"
    },
    "admin_info": {
        "username": "woquan",
        "email": "1@qq.com",
        "nickname": "我圈"
    }
}