{
    "version": "1.0",
    "install_time": "2026-03-13 21:42:14",
    "db_config": {
        "host": "localhost",
        "port": "3306",
        "database": "quansns",
        "prefix": "sns"
    },
    "admin_info": {
        "username": "admin",
        "email": "1@1.com",
        "nickname": "微圈"
    }
}